{
  "name": "Vivalence",
  "lockfileVersion": 3,
  "requires": true,
  "packages": {
    "": {
      "devDependencies": {
        "ts-essentials": "^10.0.3"
      }
    },
    "node_modules/ts-essentials": {
      "version": "10.0.3",
      "resolved": "https://registry.npmjs.org/ts-essentials/-/ts-essentials-10.0.3.tgz",
      "integrity": "sha512-/FrVAZ76JLTWxJOERk04fm8hYENDo0PWSP3YLQKxevLwWtxemGcl5JJEzN4iqfDlRve0ckyfFaOBu4xbNH/wZw==",
      "dev": true,
      "peerDependencies": {
        "typescript": ">=4.5.0"
      },
      "peerDependenciesMeta": {
        "typescript": {
          "optional": true
        }
      }
    }
  }
}
